// !$*UTF8*$!
{
	archiveVersion = 1;
	classes = {
	};
	objectVersion = 46;
	objects = {

/* Begin PBXBuildFile section */
		9A5AA7D91E9BBE8E001BB55E /* AppDelegate.swift in Sources */ = {isa = PBXBuildFile; fileRef = 9A5AA7D81E9BBE8E001BB55E /* AppDelegate.swift */; };
		9A5AA7DB1E9BBE8E001BB55E /* ViewController.swift in Sources */ = {isa = PBXBuildFile; fileRef = 9A5AA7DA1E9BBE8E001BB55E /* ViewController.swift */; };
		9A5AA7DE1E9BBE8E001BB55E /* Main.storyboard in Resources */ = {isa = PBXBuildFile; fileRef = 9A5AA7DC1E9BBE8E001BB55E /* Main.storyboard */; };
		9A5AA7E11E9BBE8E001BB55E /* SwiftNimbleCarthage.xcdatamodeld in Sources */ = {isa = PBXBuildFile; fileRef = 9A5AA7DF1E9BBE8E001BB55E /* SwiftNimbleCarthage.xcdatamodeld */; };
		9A5AA7E31E9BBE8E001BB55E /* Assets.xcassets in Resources */ = {isa = PBXBuildFile; fileRef = 9A5AA7E21E9BBE8E001BB55E /* Assets.xcassets */; };
		9A5AA7E61E9BBE8E001BB55E /* LaunchScreen.storyboard in Resources */ = {isa = PBXBuildFile; fileRef = 9A5AA7E41E9BBE8E001BB55E /* LaunchScreen.storyboard */; };
		9A5AA7F11E9BBE8E001BB55E /* SwiftNimbleCarthageTests.swift in Sources */ = {isa = PBXBuildFile; fileRef = 9A5AA7F01E9BBE8E001BB55E /* SwiftNimbleCarthageTests.swift */; };
		9A5AA7FC1E9BBEBE001BB55E /* Cartfile in Resources */ = {isa = PBXBuildFile; fileRef = 9A5AA7FB1E9BBEBE001BB55E /* Cartfile */; };
		9A5AA7FE1E9BBEE8001BB55E /* Cartfile.private in Resources */ = {isa = PBXBuildFile; fileRef = 9A5AA7FD1E9BBEE8001BB55E /* Cartfile.private */; };
		9A5AA8011E9BBFDA001BB55E /* LogKit.framework in Frameworks */ = {isa = PBXBuildFile; fileRef = 9A5AA8001E9BBFDA001BB55E /* LogKit.framework */; };
		9A5AA8031E9BC00A001BB55E /* Nimble.framework in Frameworks */ = {isa = PBXBuildFile; fileRef = 9A5AA8021E9BC00A001BB55E /* Nimble.framework */; };
		9A5AA8041E9BC029001BB55E /* LogKit.framework in Frameworks */ = {isa = PBXBuildFile; fileRef = 9A5AA8001E9BBFDA001BB55E /* LogKit.framework */; };
		9A5AA8061E9BC05A001BB55E /* LogKit.framework in CopyFiles */ = {isa = PBXBuildFile; fileRef = 9A5AA8001E9BBFDA001BB55E /* LogKit.framework */; settings = {ATTRIBUTES = (CodeSignOnCopy, RemoveHeadersOnCopy, ); }; };
		9A5AA8081E9BC078001BB55E /* LogKit.framework in CopyFiles */ = {isa = PBXBuildFile; fileRef = 9A5AA8001E9BBFDA001BB55E /* LogKit.framework */; settings = {ATTRIBUTES = (CodeSignOnCopy, RemoveHeadersOnCopy, ); }; };
		9A5AA8091E9BC07F001BB55E /* Nimble.framework in CopyFiles */ = {isa = PBXBuildFile; fileRef = 9A5AA8021E9BC00A001BB55E /* Nimble.framework */; settings = {ATTRIBUTES = (CodeSignOnCopy, RemoveHeadersOnCopy, ); }; };
/* End PBXBuildFile section */

/* Begin PBXContainerItemProxy section */
		9A5AA7ED1E9BBE8E001BB55E /* PBXContainerItemProxy */ = {
			isa = PBXContainerItemProxy;
			containerPortal = 9A5AA7CD1E9BBE8E001BB55E /* Project object */;
			proxyType = 1;
			remoteGlobalIDString = 9A5AA7D41E9BBE8E001BB55E;
			remoteInfo = SwiftNimbleCarthage;
		};
/* End PBXContainerItemProxy section */

/* Begin PBXCopyFilesBuildPhase section */
		9A5AA8051E9BC041001BB55E /* CopyFiles */ = {
			isa = PBXCopyFilesBuildPhase;
			buildActionMask = 2147483647;
			dstPath = "";
			dstSubfolderSpec = 10;
			files = (
				9A5AA8061E9BC05A001BB55E /* LogKit.framework in CopyFiles */,
			);
			runOnlyForDeploymentPostprocessing = 0;
		};
		9A5AA8071E9BC06F001BB55E /* CopyFiles */ = {
			isa = PBXCopyFilesBuildPhase;
			buildActionMask = 2147483647;
			dstPath = "";
			dstSubfolderSpec = 10;
			files = (
				9A5AA8091E9BC07F001BB55E /* Nimble.framework in CopyFiles */,
				9A5AA8081E9BC078001BB55E /* LogKit.framework in CopyFiles */,
			);
			runOnlyForDeploymentPostprocessing = 0;
		};
/* End PBXCopyFilesBuildPhase section */

/* Begin PBXFileReference section */
		9A5AA7D51E9BBE8E001BB55E /* SwiftNimbleCarthage.app */ = {isa = PBXFileReference; explicitFileType = wrapper.application; includeInIndex = 0; path = SwiftNimbleCarthage.app; sourceTree = BUILT_PRODUCTS_DIR; };
		9A5AA7D81E9BBE8E001BB55E /* AppDelegate.swift */ = {isa = PBXFileReference; lastKnownFileType = sourcecode.swift; path = AppDelegate.swift; sourceTree = "<group>"; };
		9A5AA7DA1E9BBE8E001BB55E /* ViewController.swift */ = {isa = PBXFileReference; lastKnownFileType = sourcecode.swift; path = ViewController.swift; sourceTree = "<group>"; };
		9A5AA7DD1E9BBE8E001BB55E /* Base */ = {isa = PBXFileReference; lastKnownFileType = file.storyboard; name = Base; path = Base.lproj/Main.storyboard; sourceTree = "<group>"; };
		9A5AA7E01E9BBE8E001BB55E /* SwiftNimbleCarthage.xcdatamodel */ = {isa = PBXFileReference; lastKnownFileType = wrapper.xcdatamodel; path = SwiftNimbleCarthage.xcdatamodel; sourceTree = "<group>"; };
		9A5AA7E21E9BBE8E001BB55E /* Assets.xcassets */ = {isa = PBXFileReference; lastKnownFileType = folder.assetcatalog; path = Assets.xcassets; sourceTree = "<group>"; };
		9A5AA7E51E9BBE8E001BB55E /* Base */ = {isa = PBXFileReference; lastKnownFileType = file.storyboard; name = Base; path = Base.lproj/LaunchScreen.storyboard; sourceTree = "<group>"; };
		9A5AA7E71E9BBE8E001BB55E /* Info.plist */ = {isa = PBXFileReference; lastKnownFileType = text.plist.xml; path = Info.plist; sourceTree = "<group>"; };
		9A5AA7EC1E9BBE8E001BB55E /* SwiftNimbleCarthageTests.xctest */ = {isa = PBXFileReference; explicitFileType = wrapper.cfbundle; includeInIndex = 0; path = SwiftNimbleCarthageTests.xctest; sourceTree = BUILT_PRODUCTS_DIR; };
		9A5AA7F01E9BBE8E001BB55E /* SwiftNimbleCarthageTests.swift */ = {isa = PBXFileReference; lastKnownFileType = sourcecode.swift; path = SwiftNimbleCarthageTests.swift; sourceTree = "<group>"; };
		9A5AA7F21E9BBE8E001BB55E /* Info.plist */ = {isa = PBXFileReference; lastKnownFileType = text.plist.xml; path = Info.plist; sourceTree = "<group>"; };
		9A5AA7FB1E9BBEBE001BB55E /* Cartfile */ = {isa = PBXFileReference; fileEncoding = 4; lastKnownFileType = text; path = Cartfile; sourceTree = "<group>"; };
		9A5AA7FD1E9BBEE8001BB55E /* Cartfile.private */ = {isa = PBXFileReference; fileEncoding = 4; lastKnownFileType = text; path = Cartfile.private; sourceTree = "<group>"; };
		9A5AA8001E9BBFDA001BB55E /* LogKit.framework */ = {isa = PBXFileReference; lastKnownFileType = wrapper.framework; name = LogKit.framework; path = Carthage/Build/iOS/LogKit.framework; sourceTree = "<group>"; };
		9A5AA8021E9BC00A001BB55E /* Nimble.framework */ = {isa = PBXFileReference; lastKnownFileType = wrapper.framework; name = Nimble.framework; path = Carthage/Build/iOS/Nimble.framework; sourceTree = "<group>"; };
/* End PBXFileReference section */

/* Begin PBXFrameworksBuildPhase section */
		9A5AA7D21E9BBE8E001BB55E /* Frameworks */ = {
			isa = PBXFrameworksBuildPhase;
			buildActionMask = 2147483647;
			files = (
				9A5AA8011E9BBFDA001BB55E /* LogKit.framework in Frameworks */,
			);
			runOnlyForDeploymentPostprocessing = 0;
		};
		9A5AA7E91E9BBE8E001BB55E /* Frameworks */ = {
			isa = PBXFrameworksBuildPhase;
			buildActionMask = 2147483647;
			files = (
				9A5AA8041E9BC029001BB55E /* LogKit.framework in Frameworks */,
				9A5AA8031E9BC00A001BB55E /* Nimble.framework in Frameworks */,
			);
			runOnlyForDeploymentPostprocessing = 0;
		};
/* End PBXFrameworksBuildPhase section */

/* Begin PBXGroup section */
		9A5AA7CC1E9BBE8E001BB55E = {
			isa = PBXGroup;
			children = (
				9A5AA7FB1E9BBEBE001BB55E /* Cartfile */,
				9A5AA7FD1E9BBEE8001BB55E /* Cartfile.private */,
				9A5AA7D71E9BBE8E001BB55E /* SwiftNimbleCarthage */,
				9A5AA7EF1E9BBE8E001BB55E /* SwiftNimbleCarthageTests */,
				9A5AA7D61E9BBE8E001BB55E /* Products */,
				9A5AA7FF1E9BBFD9001BB55E /* Frameworks */,
			);
			sourceTree = "<group>";
		};
		9A5AA7D61E9BBE8E001BB55E /* Products */ = {
			isa = PBXGroup;
			children = (
				9A5AA7D51E9BBE8E001BB55E /* SwiftNimbleCarthage.app */,
				9A5AA7EC1E9BBE8E001BB55E /* SwiftNimbleCarthageTests.xctest */,
			);
			name = Products;
			sourceTree = "<group>";
		};
		9A5AA7D71E9BBE8E001BB55E /* SwiftNimbleCarthage */ = {
			isa = PBXGroup;
			children = (
				9A5AA7D81E9BBE8E001BB55E /* AppDelegate.swift */,
				9A5AA7DA1E9BBE8E001BB55E /* ViewController.swift */,
				9A5AA7DC1E9BBE8E001BB55E /* Main.storyboard */,
				9A5AA7E21E9BBE8E001BB55E /* Assets.xcassets */,
				9A5AA7E41E9BBE8E001BB55E /* LaunchScreen.storyboard */,
				9A5AA7E71E9BBE8E001BB55E /* Info.plist */,
				9A5AA7DF1E9BBE8E001BB55E /* SwiftNimbleCarthage.xcdatamodeld */,
			);
			path = SwiftNimbleCarthage;
			sourceTree = "<group>";
		};
		9A5AA7EF1E9BBE8E001BB55E /* SwiftNimbleCarthageTests */ = {
			isa = PBXGroup;
			children = (
				9A5AA7F01E9BBE8E001BB55E /* SwiftNimbleCarthageTests.swift */,
				9A5AA7F21E9BBE8E001BB55E /* Info.plist */,
			);
			path = SwiftNimbleCarthageTests;
			sourceTree = "<group>";
		};
		9A5AA7FF1E9BBFD9001BB55E /* Frameworks */ = {
			isa = PBXGroup;
			children = (
				9A5AA8021E9BC00A001BB55E /* Nimble.framework */,
				9A5AA8001E9BBFDA001BB55E /* LogKit.framework */,
			);
			name = Frameworks;
			sourceTree = "<group>";
		};
/* End PBXGroup section */

/* Begin PBXNativeTarget section */
		9A5AA7D41E9BBE8E001BB55E /* SwiftNimbleCarthage */ = {
			isa = PBXNativeTarget;
			buildConfigurationList = 9A5AA7F51E9BBE8E001BB55E /* Build configuration list for PBXNativeTarget "SwiftNimbleCarthage" */;
			buildPhases = (
				9A5AA7D11E9BBE8E001BB55E /* Sources */,
				9A5AA7D21E9BBE8E001BB55E /* Frameworks */,
				9A5AA7D31E9BBE8E001BB55E /* Resources */,
				9A5AA8051E9BC041001BB55E /* CopyFiles */,
			);
			buildRules = (
			);
			dependencies = (
			);
			name = SwiftNimbleCarthage;
			productName = SwiftNimbleCarthage;
			productReference = 9A5AA7D51E9BBE8E001BB55E /* SwiftNimbleCarthage.app */;
			productType = "com.apple.product-type.application";
		};
		9A5AA7EB1E9BBE8E001BB55E /* SwiftNimbleCarthageTests */ = {
			isa = PBXNativeTarget;
			buildConfigurationList = 9A5AA7F81E9BBE8E001BB55E /* Build configuration list for PBXNativeTarget "SwiftNimbleCarthageTests" */;
			buildPhases = (
				9A5AA7E81E9BBE8E001BB55E /* Sources */,
				9A5AA7E91E9BBE8E001BB55E /* Frameworks */,
				9A5AA7EA1E9BBE8E001BB55E /* Resources */,
				9A5AA8071E9BC06F001BB55E /* CopyFiles */,
			);
			buildRules = (
			);
			dependencies = (
				9A5AA7EE1E9BBE8E001BB55E /* PBXTargetDependency */,
			);
			name = SwiftNimbleCarthageTests;
			productName = SwiftNimbleCarthageTests;
			productReference = 9A5AA7EC1E9BBE8E001BB55E /* SwiftNimbleCarthageTests.xctest */;
			productType = "com.apple.product-type.bundle.unit-test";
		};
/* End PBXNativeTarget section */

/* Begin PBXProject section */
		9A5AA7CD1E9BBE8E001BB55E /* Project object */ = {
			isa = PBXProject;
			attributes = {
				LastSwiftUpdateCheck = 0830;
				LastUpgradeCheck = 0830;
				ORGANIZATIONNAME = "P1vot LLC";
				TargetAttributes = {
					9A5AA7D41E9BBE8E001BB55E = {
						CreatedOnToolsVersion = 8.3.1;
						DevelopmentTeam = W3B9X7Q3YQ;
						ProvisioningStyle = Automatic;
					};
					9A5AA7EB1E9BBE8E001BB55E = {
						CreatedOnToolsVersion = 8.3.1;
						DevelopmentTeam = W3B9X7Q3YQ;
						ProvisioningStyle = Automatic;
						TestTargetID = 9A5AA7D41E9BBE8E001BB55E;
					};
				};
			};
			buildConfigurationList = 9A5AA7D01E9BBE8E001BB55E /* Build configuration list for PBXProject "SwiftNimbleCarthage" */;
			compatibilityVersion = "Xcode 3.2";
			developmentRegion = English;
			hasScannedForEncodings = 0;
			knownRegions = (
				en,
				Base,
			);
			mainGroup = 9A5AA7CC1E9BBE8E001BB55E;
			productRefGroup = 9A5AA7D61E9BBE8E001BB55E /* Products */;
			projectDirPath = "";
			projectRoot = "";
			targets = (
				9A5AA7D41E9BBE8E001BB55E /* SwiftNimbleCarthage */,
				9A5AA7EB1E9BBE8E001BB55E /* SwiftNimbleCarthageTests */,
			);
		};
/* End PBXProject section */

/* Begin PBXResourcesBuildPhase section */
		9A5AA7D31E9BBE8E001BB55E /* Resources */ = {
			isa = PBXResourcesBuildPhase;
			buildActionMask = 2147483647;
			files = (
				9A5AA7E61E9BBE8E001BB55E /* LaunchScreen.storyboard in Resources */,
				9A5AA7E31E9BBE8E001BB55E /* Assets.xcassets in Resources */,
				9A5AA7FE1E9BBEE8001BB55E /* Cartfile.private in Resources */,
				9A5AA7FC1E9BBEBE001BB55E /* Cartfile in Resources */,
				9A5AA7DE1E9BBE8E001BB55E /* Main.storyboard in Resources */,
			);
			runOnlyForDeploymentPostprocessing = 0;
		};
		9A5AA7EA1E9BBE8E001BB55E /* Resources */ = {
			isa = PBXResourcesBuildPhase;
			buildActionMask = 2147483647;
			files = (
			);
			runOnlyForDeploymentPostprocessing = 0;
		};
/* End PBXResourcesBuildPhase section */

/* Begin PBXSourcesBuildPhase section */
		9A5AA7D11E9BBE8E001BB55E /* Sources */ = {
			isa = PBXSourcesBuildPhase;
			buildActionMask = 2147483647;
			files = (
				9A5AA7DB1E9BBE8E001BB55E /* ViewController.swift in Sources */,
				9A5AA7E11E9BBE8E001BB55E /* SwiftNimbleCarthage.xcdatamodeld in Sources */,
				9A5AA7D91E9BBE8E001BB55E /* AppDelegate.swift in Sources */,
			);
			runOnlyForDeploymentPostprocessing = 0;
		};
		9A5AA7E81E9BBE8E001BB55E /* Sources */ = {
			isa = PBXSourcesBuildPhase;
			buildActionMask = 2147483647;
			files = (
				9A5AA7F11E9BBE8E001BB55E /* SwiftNimbleCarthageTests.swift in Sources */,
			);
			runOnlyForDeploymentPostprocessing = 0;
		};
/* End PBXSourcesBuildPhase section */

/* Begin PBXTargetDependency section */
		9A5AA7EE1E9BBE8E001BB55E /* PBXTargetDependency */ = {
			isa = PBXTargetDependency;
			target = 9A5AA7D41E9BBE8E001BB55E /* SwiftNimbleCarthage */;
			targetProxy = 9A5AA7ED1E9BBE8E001BB55E /* PBXContainerItemProxy */;
		};
/* End PBXTargetDependency section */

/* Begin PBXVariantGroup section */
		9A5AA7DC1E9BBE8E001BB55E /* Main.storyboard */ = {
			isa = PBXVariantGroup;
			children = (
				9A5AA7DD1E9BBE8E001BB55E /* Base */,
			);
			name = Main.storyboard;
			sourceTree = "<group>";
		};
		9A5AA7E41E9BBE8E001BB55E /* LaunchScreen.storyboard */ = {
			isa = PBXVariantGroup;
			children = (
				9A5AA7E51E9BBE8E001BB55E /* Base */,
			);
			name = LaunchScreen.storyboard;
			sourceTree = "<group>";
		};
/* End PBXVariantGroup section */

/* Begin XCBuildConfiguration section */
		9A5AA7F31E9BBE8E001BB55E /* Debug */ = {
			isa = XCBuildConfiguration;
			buildSettings = {
				ALWAYS_SEARCH_USER_PATHS = NO;
				CLANG_ANALYZER_NONNULL = YES;
				CLANG_ANALYZER_NUMBER_OBJECT_CONVERSION = YES_AGGRESSIVE;
				CLANG_CXX_LANGUAGE_STANDARD = "gnu++0x";
				CLANG_CXX_LIBRARY = "libc++";
				CLANG_ENABLE_MODULES = YES;
				CLANG_ENABLE_OBJC_ARC = YES;
				CLANG_WARN_BOOL_CONVERSION = YES;
				CLANG_WARN_CONSTANT_CONVERSION = YES;
				CLANG_WARN_DIRECT_OBJC_ISA_USAGE = YES_ERROR;
				CLANG_WARN_DOCUMENTATION_COMMENTS = YES;
				CLANG_WARN_EMPTY_BODY = YES;
				CLANG_WARN_ENUM_CONVERSION = YES;
				CLANG_WARN_INFINITE_RECURSION = YES;
				CLANG_WARN_INT_CONVERSION = YES;
				CLANG_WARN_OBJC_ROOT_CLASS = YES_ERROR;
				CLANG_WARN_SUSPICIOUS_MOVE = YES;
				CLANG_WARN_UNREACHABLE_CODE = YES;
				CLANG_WARN__DUPLICATE_METHOD_MATCH = YES;
				"CODE_SIGN_IDENTITY[sdk=iphoneos*]" = "iPhone Developer";
				COPY_PHASE_STRIP = NO;
				DEBUG_INFORMATION_FORMAT = dwarf;
				ENABLE_STRICT_OBJC_MSGSEND = YES;
				ENABLE_TESTABILITY = YES;
				GCC_C_LANGUAGE_STANDARD = gnu99;
				GCC_DYNAMIC_NO_PIC = NO;
				GCC_NO_COMMON_BLOCKS = YES;
				GCC_OPTIMIZATION_LEVEL = 0;
				GCC_PREPROCESSOR_DEFINITIONS = (
					"DEBUG=1",
					"$(inherited)",
				);
				GCC_WARN_64_TO_32_BIT_CONVERSION = YES;
				GCC_WARN_ABOUT_RETURN_TYPE = YES_ERROR;
				GCC_WARN_UNDECLARED_SELECTOR = YES;
				GCC_WARN_UNINITIALIZED_AUTOS = YES_AGGRESSIVE;
				GCC_WARN_UNUSED_FUNCTION = YES;
				GCC_WARN_UNUSED_VARIABLE = YES;
				IPHONEOS_DEPLOYMENT_TARGET = 10.3;
				MTL_ENABLE_DEBUG_INFO = YES;
				ONLY_ACTIVE_ARCH = YES;
				SDKROOT = iphoneos;
				SWIFT_ACTIVE_COMPILATION_CONDITIONS = DEBUG;
				SWIFT_OPTIMIZATION_LEVEL = "-Onone";
				TARGETED_DEVICE_FAMILY = "1,2";
			};
			name = Debug;
		};
		9A5AA7F41E9BBE8E001BB55E /* Release */ = {
			isa = XCBuildConfiguration;
			buildSettings = {
				ALWAYS_SEARCH_USER_PATHS = NO;
				CLANG_ANALYZER_NONNULL = YES;
				CLANG_ANALYZER_NUMBER_OBJECT_CONVERSION = YES_AGGRESSIVE;
				CLANG_CXX_LANGUAGE_STANDARD = "gnu++0x";
				CLANG_CXX_LIBRARY = "libc++";
				CLANG_ENABLE_MODULES = YES;
				CLANG_ENABLE_OBJC_ARC = YES;
				CLANG_WARN_BOOL_CONVERSION = YES;
				CLANG_WARN_CONSTANT_CONVERSION = YES;
				CLANG_WARN_DIRECT_OBJC_ISA_USAGE = YES_ERROR;
				CLANG_WARN_DOCUMENTATION_COMMENTS = YES;
				CLANG_WARN_EMPTY_BODY = YES;
				CLANG_WARN_ENUM_CONVERSION = YES;
				CLANG_WARN_INFINITE_RECURSION = YES;
				CLANG_WARN_INT_CONVERSION = YES;
				CLANG_WARN_OBJC_ROOT_CLASS = YES_ERROR;
				CLANG_WARN_SUSPICIOUS_MOVE = YES;
				CLANG_WARN_UNREACHABLE_CODE = YES;
				CLANG_WARN__DUPLICATE_METHOD_MATCH = YES;
				"CODE_SIGN_IDENTITY[sdk=iphoneos*]" = "iPhone Developer";
				COPY_PHASE_STRIP = NO;
				DEBUG_INFORMATION_FORMAT = "dwarf-with-dsym";
				ENABLE_NS_ASSERTIONS = NO;
				ENABLE_STRICT_OBJC_MSGSEND = YES;
				GCC_C_LANGUAGE_STANDARD = gnu99;
				GCC_NO_COMMON_BLOCKS = YES;
				GCC_WARN_64_TO_32_BIT_CONVERSION = YES;
				GCC_WARN_ABOUT_RETURN_TYPE = YES_ERROR;
				GCC_WARN_UNDECLARED_SELECTOR = YES;
				GCC_WARN_UNINITIALIZED_AUTOS = YES_AGGRESSIVE;
				GCC_WARN_UNUSED_FUNCTION = YES;
				GCC_WARN_UNUSED_VARIABLE = YES;
				IPHONEOS_DEPLOYMENT_TARGET = 10.3;
				MTL_ENABLE_DEBUG_INFO = NO;
				SDKROOT = iphoneos;
				SWIFT_OPTIMIZATION_LEVEL = "-Owholemodule";
				TARGETED_DEVICE_FAMILY = "1,2";
				VALIDATE_PRODUCT = YES;
			};
			name = Release;
		};
		9A5AA7F61E9BBE8E001BB55E /* Debug */ = {
			isa = XCBuildConfiguration;
			buildSettings = {
				ASSETCATALOG_COMPILER_APPICON_NAME = AppIcon;
				DEVELOPMENT_TEAM = W3B9X7Q3YQ;
				FRAMEWORK_SEARCH_PATHS = (
					"$(inherited)",
					"$(PROJECT_DIR)/Carthage/Build/iOS",
				);
				INFOPLIST_FILE = SwiftNimbleCarthage/Info.plist;
				LD_RUNPATH_SEARCH_PATHS = "$(inherited) @executable_path/Frameworks";
				PRODUCT_BUNDLE_IDENTIFIER = com.p1vot.SwiftNimbleCarthage;
				PRODUCT_NAME = "$(TARGET_NAME)";
				SWIFT_VERSION = 3.0;
			};
			name = Debug;
		};
		9A5AA7F71E9BBE8E001BB55E /* Release */ = {
			isa = XCBuildConfiguration;
			buildSettings = {
				ASSETCATALOG_COMPILER_APPICON_NAME = AppIcon;
				DEVELOPMENT_TEAM = W3B9X7Q3YQ;
				FRAMEWORK_SEARCH_PATHS = (
					"$(inherited)",
					"$(PROJECT_DIR)/Carthage/Build/iOS",
				);
				INFOPLIST_FILE = SwiftNimbleCarthage/Info.plist;
				LD_RUNPATH_SEARCH_PATHS = "$(inherited) @executable_path/Frameworks";
				PRODUCT_BUNDLE_IDENTIFIER = com.p1vot.SwiftNimbleCarthage;
				PRODUCT_NAME = "$(TARGET_NAME)";
				SWIFT_VERSION = 3.0;
			};
			name = Release;
		};
		9A5AA7F91E9BBE8E001BB55E /* Debug */ = {
			isa = XCBuildConfiguration;
			buildSettings = {
				ALWAYS_EMBED_SWIFT_STANDARD_LIBRARIES = YES;
				BUNDLE_LOADER = "$(TEST_HOST)";
				DEVELOPMENT_TEAM = W3B9X7Q3YQ;
				FRAMEWORK_SEARCH_PATHS = (
					"$(inherited)",
					"$(PROJECT_DIR)/Carthage/Build/iOS",
				);
				INFOPLIST_FILE = SwiftNimbleCarthageTests/Info.plist;
				LD_RUNPATH_SEARCH_PATHS = "$(inherited) @executable_path/Frameworks @loader_path/Frameworks";
				PRODUCT_BUNDLE_IDENTIFIER = com.p1vot.SwiftNimbleCarthageTests;
				PRODUCT_NAME = "$(TARGET_NAME)";
				SWIFT_VERSION = 3.0;
				TEST_HOST = "$(BUILT_PRODUCTS_DIR)/SwiftNimbleCarthage.app/SwiftNimbleCarthage";
			};
			name = Debug;
		};
		9A5AA7FA1E9BBE8E001BB55E /* Release */ = {
			isa = XCBuildConfiguration;
			buildSettings = {
				ALWAYS_EMBED_SWIFT_STANDARD_LIBRARIES = YES;
				BUNDLE_LOADER = "$(TEST_HOST)";
				DEVELOPMENT_TEAM = W3B9X7Q3YQ;
				FRAMEWORK_SEARCH_PATHS = (
					"$(inherited)",
					"$(PROJECT_DIR)/Carthage/Build/iOS",
				);
				INFOPLIST_FILE = SwiftNimbleCarthageTests/Info.plist;
				LD_RUNPATH_SEARCH_PATHS = "$(inherited) @executable_path/Frameworks @loader_path/Frameworks";
				PRODUCT_BUNDLE_IDENTIFIER = com.p1vot.SwiftNimbleCarthageTests;
				PRODUCT_NAME = "$(TARGET_NAME)";
				SWIFT_VERSION = 3.0;
				TEST_HOST = "$(BUILT_PRODUCTS_DIR)/SwiftNimbleCarthage.app/SwiftNimbleCarthage";
			};
			name = Release;
		};
/* End XCBuildConfiguration section */

/* Begin XCConfigurationList section */
		9A5AA7D01E9BBE8E001BB55E /* Build configuration list for PBXProject "SwiftNimbleCarthage" */ = {
			isa = XCConfigurationList;
			buildConfigurations = (
				9A5AA7F31E9BBE8E001BB55E /* Debug */,
				9A5AA7F41E9BBE8E001BB55E /* Release */,
			);
			defaultConfigurationIsVisible = 0;
			defaultConfigurationName = Release;
		};
		9A5AA7F51E9BBE8E001BB55E /* Build configuration list for PBXNativeTarget "SwiftNimbleCarthage" */ = {
			isa = XCConfigurationList;
			buildConfigurations = (
				9A5AA7F61E9BBE8E001BB55E /* Debug */,
				9A5AA7F71E9BBE8E001BB55E /* Release */,
			);
			defaultConfigurationIsVisible = 0;
		};
		9A5AA7F81E9BBE8E001BB55E /* Build configuration list for PBXNativeTarget "SwiftNimbleCarthageTests" */ = {
			isa = XCConfigurationList;
			buildConfigurations = (
				9A5AA7F91E9BBE8E001BB55E /* Debug */,
				9A5AA7FA1E9BBE8E001BB55E /* Release */,
			);
			defaultConfigurationIsVisible = 0;
		};
/* End XCConfigurationList section */

/* Begin XCVersionGroup section */
		9A5AA7DF1E9BBE8E001BB55E /* SwiftNimbleCarthage.xcdatamodeld */ = {
			isa = XCVersionGroup;
			children = (
				9A5AA7E01E9BBE8E001BB55E /* SwiftNimbleCarthage.xcdatamodel */,
			);
			currentVersion = 9A5AA7E01E9BBE8E001BB55E /* SwiftNimbleCarthage.xcdatamodel */;
			path = SwiftNimbleCarthage.xcdatamodeld;
			sourceTree = "<group>";
			versionGroupType = wrapper.xcdatamodel;
		};
/* End XCVersionGroup section */
	};
	rootObject = 9A5AA7CD1E9BBE8E001BB55E /* Project object */;
}
